
Microsoft Visual Studio Solution File, Format Version 12.00
# Visual Studio Version 17
VisualStudioVersion = 17.2.32630.192
MinimumVisualStudioVersion = 10.0.40219.1
Project("{FAE04EC0-301F-11D3-BF4B-00C04F79EFBC}") = "cnMayorEdad", "cnMayorEdad\cnMayorEdad.csproj", "{DE966359-644D-46DF-9257-0A25AD92873F}"
EndProject
Global
	GlobalSection(SolutionConfigurationPlatforms) = preSolution
		Debug|Any CPU = Debug|Any CPU
		Release|Any CPU = Release|Any CPU
	EndGlobalSection
	GlobalSection(ProjectConfigurationPlatforms) = postSolution
		{DE966359-644D-46DF-9257-0A25AD92873F}.Debug|Any CPU.ActiveCfg = Debug|Any CPU
		{DE966359-644D-46DF-9257-0A25AD92873F}.Debug|Any CPU.Build.0 = Debug|Any CPU
		{DE966359-644D-46DF-9257-0A25AD92873F}.Release|Any CPU.ActiveCfg = Release|Any CPU
		{DE966359-644D-46DF-9257-0A25AD92873F}.Release|Any CPU.Build.0 = Release|Any CPU
	EndGlobalSection
	GlobalSection(SolutionProperties) = preSolution
		HideSolutionNode = FALSE
	EndGlobalSection
	GlobalSection(ExtensibilityGlobals) = postSolution
		SolutionGuid = {1E2D791F-8911-4996-B070-67C49C4B1F5B}
	EndGlobalSection
EndGlobal
